
Microsoft Visual Studio Solution File, Format Version 12.00
# Visual Studio Version 17
VisualStudioVersion = 17.0.31903.59
MinimumVisualStudioVersion = 10.0.40219.1
Project("{FAE04EC0-301F-11D3-BF4B-00C04F79EFBC}") = "Dominio", "Dominio\Dominio.csproj", "{3B5AF85E-0599-4FDC-AF1F-0CCF99114E84}"
EndProject
Project("{FAE04EC0-301F-11D3-BF4B-00C04F79EFBC}") = "Persistencia", "Persistencia\Persistencia.csproj", "{F1A92291-59E4-4683-9384-F43DB7131B57}"
EndProject
Project("{FAE04EC0-301F-11D3-BF4B-00C04F79EFBC}") = "ApiDemo", "ApiDemo\ApiDemo.csproj", "{56ACADDD-07BA-4794-8505-1D342D356D4D}"
EndProject
Global
	GlobalSection(SolutionConfigurationPlatforms) = preSolution
		Debug|Any CPU = Debug|Any CPU
		Release|Any CPU = Release|Any CPU
	EndGlobalSection
	GlobalSection(SolutionProperties) = preSolution
		HideSolutionNode = FALSE
	EndGlobalSection
	GlobalSection(ProjectConfigurationPlatforms) = postSolution
		{3B5AF85E-0599-4FDC-AF1F-0CCF99114E84}.Debug|Any CPU.ActiveCfg = Debug|Any CPU
		{3B5AF85E-0599-4FDC-AF1F-0CCF99114E84}.Debug|Any CPU.Build.0 = Debug|Any CPU
		{3B5AF85E-0599-4FDC-AF1F-0CCF99114E84}.Release|Any CPU.ActiveCfg = Release|Any CPU
		{3B5AF85E-0599-4FDC-AF1F-0CCF99114E84}.Release|Any CPU.Build.0 = Release|Any CPU
		{F1A92291-59E4-4683-9384-F43DB7131B57}.Debug|Any CPU.ActiveCfg = Debug|Any CPU
		{F1A92291-59E4-4683-9384-F43DB7131B57}.Debug|Any CPU.Build.0 = Debug|Any CPU
		{F1A92291-59E4-4683-9384-F43DB7131B57}.Release|Any CPU.ActiveCfg = Release|Any CPU
		{F1A92291-59E4-4683-9384-F43DB7131B57}.Release|Any CPU.Build.0 = Release|Any CPU
		{56ACADDD-07BA-4794-8505-1D342D356D4D}.Debug|Any CPU.ActiveCfg = Debug|Any CPU
		{56ACADDD-07BA-4794-8505-1D342D356D4D}.Debug|Any CPU.Build.0 = Debug|Any CPU
		{56ACADDD-07BA-4794-8505-1D342D356D4D}.Release|Any CPU.ActiveCfg = Release|Any CPU
		{56ACADDD-07BA-4794-8505-1D342D356D4D}.Release|Any CPU.Build.0 = Release|Any CPU
	EndGlobalSection
EndGlobal
